// !$*UTF8*$!
{
	archiveVersion = 1;
	classes = {
	};
	objectVersion = 50;
	objects = {

/* Begin PBXBuildFile section */
		FB1AA760227E2E1A001FCD5E /* AppDelegate.swift in Sources */ = {isa = PBXBuildFile; fileRef = FB1AA75F227E2E1A001FCD5E /* AppDelegate.swift */; };
		FB1AA762227E2E1A001FCD5E /* MainVC.swift in Sources */ = {isa = PBXBuildFile; fileRef = FB1AA761227E2E1A001FCD5E /* MainVC.swift */; };
		FB1AA765227E2E1A001FCD5E /* Main.storyboard in Resources */ = {isa = PBXBuildFile; fileRef = FB1AA763227E2E1A001FCD5E /* Main.storyboard */; };
		FB1AA767227E2E1B001FCD5E /* Assets.xcassets in Resources */ = {isa = PBXBuildFile; fileRef = FB1AA766227E2E1B001FCD5E /* Assets.xcassets */; };
		FB1AA76A227E2E1B001FCD5E /* LaunchScreen.storyboard in Resources */ = {isa = PBXBuildFile; fileRef = FB1AA768227E2E1B001FCD5E /* LaunchScreen.storyboard */; };
		FB1AA775227E2E1C001FCD5E /* _048Tests.swift in Sources */ = {isa = PBXBuildFile; fileRef = FB1AA774227E2E1C001FCD5E /* _048Tests.swift */; };
		FB1AA780227E2E1C001FCD5E /* _048UITests.swift in Sources */ = {isa = PBXBuildFile; fileRef = FB1AA77F227E2E1C001FCD5E /* _048UITests.swift */; };
		FB1AA794227E3346001FCD5E /* GameVC.swift in Sources */ = {isa = PBXBuildFile; fileRef = FB1AA793227E3346001FCD5E /* GameVC.swift */; };
/* End PBXBuildFile section */

/* Begin PBXContainerItemProxy section */
		FB1AA771227E2E1C001FCD5E /* PBXContainerItemProxy */ = {
			isa = PBXContainerItemProxy;
			containerPortal = FB1AA754227E2E1A001FCD5E /* Project object */;
			proxyType = 1;
			remoteGlobalIDString = FB1AA75B227E2E1A001FCD5E;
			remoteInfo = 2048;
		};
		FB1AA77C227E2E1C001FCD5E /* PBXContainerItemProxy */ = {
			isa = PBXContainerItemProxy;
			containerPortal = FB1AA754227E2E1A001FCD5E /* Project object */;
			proxyType = 1;
			remoteGlobalIDString = FB1AA75B227E2E1A001FCD5E;
			remoteInfo = 2048;
		};
/* End PBXContainerItemProxy section */

/* Begin PBXFileReference section */
		FB1AA75C227E2E1A001FCD5E /* 2048.app */ = {isa = PBXFileReference; explicitFileType = wrapper.application; includeInIndex = 0; path = 2048.app; sourceTree = BUILT_PRODUCTS_DIR; };
		FB1AA75F227E2E1A001FCD5E /* AppDelegate.swift */ = {isa = PBXFileReference; lastKnownFileType = sourcecode.swift; path = AppDelegate.swift; sourceTree = "<group>"; };
		FB1AA761227E2E1A001FCD5E /* MainVC.swift */ = {isa = PBXFileReference; lastKnownFileType = sourcecode.swift; path = MainVC.swift; sourceTree = "<group>"; };
		FB1AA764227E2E1A001FCD5E /* Base */ = {isa = PBXFileReference; lastKnownFileType = file.storyboard; name = Base; path = Base.lproj/Main.storyboard; sourceTree = "<group>"; };
		FB1AA766227E2E1B001FCD5E /* Assets.xcassets */ = {isa = PBXFileReference; lastKnownFileType = folder.assetcatalog; path = Assets.xcassets; sourceTree = "<group>"; };
		FB1AA769227E2E1B001FCD5E /* Base */ = {isa = PBXFileReference; lastKnownFileType = file.storyboard; name = Base; path = Base.lproj/LaunchScreen.storyboard; sourceTree = "<group>"; };
		FB1AA76B227E2E1B001FCD5E /* Info.plist */ = {isa = PBXFileReference; lastKnownFileType = text.plist.xml; path = Info.plist; sourceTree = "<group>"; };
		FB1AA770227E2E1C001FCD5E /* 2048Tests.xctest */ = {isa = PBXFileReference; explicitFileType = wrapper.cfbundle; includeInIndex = 0; path = 2048Tests.xctest; sourceTree = BUILT_PRODUCTS_DIR; };
		FB1AA774227E2E1C001FCD5E /* _048Tests.swift */ = {isa = PBXFileReference; lastKnownFileType = sourcecode.swift; path = _048Tests.swift; sourceTree = "<group>"; };
		FB1AA776227E2E1C001FCD5E /* Info.plist */ = {isa = PBXFileReference; lastKnownFileType = text.plist.xml; path = Info.plist; sourceTree = "<group>"; };
		FB1AA77B227E2E1C001FCD5E /* 2048UITests.xctest */ = {isa = PBXFileReference; explicitFileType = wrapper.cfbundle; includeInIndex = 0; path = 2048UITests.xctest; sourceTree = BUILT_PRODUCTS_DIR; };
		FB1AA77F227E2E1C001FCD5E /* _048UITests.swift */ = {isa = PBXFileReference; lastKnownFileType = sourcecode.swift; path = _048UITests.swift; sourceTree = "<group>"; };
		FB1AA781227E2E1C001FCD5E /* Info.plist */ = {isa = PBXFileReference; lastKnownFileType = text.plist.xml; path = Info.plist; sourceTree = "<group>"; };
		FB1AA793227E3346001FCD5E /* GameVC.swift */ = {isa = PBXFileReference; lastKnownFileType = sourcecode.swift; path = GameVC.swift; sourceTree = "<group>"; };
/* End PBXFileReference section */

/* Begin PBXFrameworksBuildPhase section */
		FB1AA759227E2E1A001FCD5E /* Frameworks */ = {
			isa = PBXFrameworksBuildPhase;
			buildActionMask = 2147483647;
			files = (
			);
			runOnlyForDeploymentPostprocessing = 0;
		};
		FB1AA76D227E2E1C001FCD5E /* Frameworks */ = {
			isa = PBXFrameworksBuildPhase;
			buildActionMask = 2147483647;
			files = (
			);
			runOnlyForDeploymentPostprocessing = 0;
		};
		FB1AA778227E2E1C001FCD5E /* Frameworks */ = {
			isa = PBXFrameworksBuildPhase;
			buildActionMask = 2147483647;
			files = (
			);
			runOnlyForDeploymentPostprocessing = 0;
		};
/* End PBXFrameworksBuildPhase section */

/* Begin PBXGroup section */
		FB1AA753227E2E1A001FCD5E = {
			isa = PBXGroup;
			children = (
				FB1AA75E227E2E1A001FCD5E /* 2048 */,
				FB1AA773227E2E1C001FCD5E /* 2048Tests */,
				FB1AA77E227E2E1C001FCD5E /* 2048UITests */,
				FB1AA75D227E2E1A001FCD5E /* Products */,
			);
			sourceTree = "<group>";
		};
		FB1AA75D227E2E1A001FCD5E /* Products */ = {
			isa = PBXGroup;
			children = (
				FB1AA75C227E2E1A001FCD5E /* 2048.app */,
				FB1AA770227E2E1C001FCD5E /* 2048Tests.xctest */,
				FB1AA77B227E2E1C001FCD5E /* 2048UITests.xctest */,
			);
			name = Products;
			sourceTree = "<group>";
		};
		FB1AA75E227E2E1A001FCD5E /* 2048 */ = {
			isa = PBXGroup;
			children = (
				FB1AA791227E2F49001FCD5E /* Model */,
				FB1AA790227E2F46001FCD5E /* View */,
				FB1AA78F227E2F44001FCD5E /* Controller */,
				FB1AA78E227E2F41001FCD5E /* Util */,
				FB1AA78D227E2F3C001FCD5E /* Resource */,
				FB1AA75F227E2E1A001FCD5E /* AppDelegate.swift */,
				FB1AA76B227E2E1B001FCD5E /* Info.plist */,
			);
			path = 2048;
			sourceTree = "<group>";
		};
		FB1AA773227E2E1C001FCD5E /* 2048Tests */ = {
			isa = PBXGroup;
			children = (
				FB1AA774227E2E1C001FCD5E /* _048Tests.swift */,
				FB1AA776227E2E1C001FCD5E /* Info.plist */,
			);
			path = 2048Tests;
			sourceTree = "<group>";
		};
		FB1AA77E227E2E1C001FCD5E /* 2048UITests */ = {
			isa = PBXGroup;
			children = (
				FB1AA77F227E2E1C001FCD5E /* _048UITests.swift */,
				FB1AA781227E2E1C001FCD5E /* Info.plist */,
			);
			path = 2048UITests;
			sourceTree = "<group>";
		};
		FB1AA78D227E2F3C001FCD5E /* Resource */ = {
			isa = PBXGroup;
			children = (
				FB1AA766227E2E1B001FCD5E /* Assets.xcassets */,
				FB1AA792227E2F79001FCD5E /* Storyboard */,
			);
			path = Resource;
			sourceTree = "<group>";
		};
		FB1AA78E227E2F41001FCD5E /* Util */ = {
			isa = PBXGroup;
			children = (
			);
			path = Util;
			sourceTree = "<group>";
		};
		FB1AA78F227E2F44001FCD5E /* Controller */ = {
			isa = PBXGroup;
			children = (
				FB1AA761227E2E1A001FCD5E /* MainVC.swift */,
				FB1AA793227E3346001FCD5E /* GameVC.swift */,
			);
			path = Controller;
			sourceTree = "<group>";
		};
		FB1AA790227E2F46001FCD5E /* View */ = {
			isa = PBXGroup;
			children = (
			);
			path = View;
			sourceTree = "<group>";
		};
		FB1AA791227E2F49001FCD5E /* Model */ = {
			isa = PBXGroup;
			children = (
			);
			path = Model;
			sourceTree = "<group>";
		};
		FB1AA792227E2F79001FCD5E /* Storyboard */ = {
			isa = PBXGroup;
			children = (
				FB1AA768227E2E1B001FCD5E /* LaunchScreen.storyboard */,
				FB1AA763227E2E1A001FCD5E /* Main.storyboard */,
			);
			path = Storyboard;
			sourceTree = "<group>";
		};
/* End PBXGroup section */

/* Begin PBXNativeTarget section */
		FB1AA75B227E2E1A001FCD5E /* 2048 */ = {
			isa = PBXNativeTarget;
			buildConfigurationList = FB1AA784227E2E1C001FCD5E /* Build configuration list for PBXNativeTarget "2048" */;
			buildPhases = (
				FB1AA758227E2E1A001FCD5E /* Sources */,
				FB1AA759227E2E1A001FCD5E /* Frameworks */,
				FB1AA75A227E2E1A001FCD5E /* Resources */,
			);
			buildRules = (
			);
			dependencies = (
			);
			name = 2048;
			productName = 2048;
			productReference = FB1AA75C227E2E1A001FCD5E /* 2048.app */;
			productType = "com.apple.product-type.application";
		};
		FB1AA76F227E2E1C001FCD5E /* 2048Tests */ = {
			isa = PBXNativeTarget;
			buildConfigurationList = FB1AA787227E2E1C001FCD5E /* Build configuration list for PBXNativeTarget "2048Tests" */;
			buildPhases = (
				FB1AA76C227E2E1C001FCD5E /* Sources */,
				FB1AA76D227E2E1C001FCD5E /* Frameworks */,
				FB1AA76E227E2E1C001FCD5E /* Resources */,
			);
			buildRules = (
			);
			dependencies = (
				FB1AA772227E2E1C001FCD5E /* PBXTargetDependency */,
			);
			name = 2048Tests;
			productName = 2048Tests;
			productReference = FB1AA770227E2E1C001FCD5E /* 2048Tests.xctest */;
			productType = "com.apple.product-type.bundle.unit-test";
		};
		FB1AA77A227E2E1C001FCD5E /* 2048UITests */ = {
			isa = PBXNativeTarget;
			buildConfigurationList = FB1AA78A227E2E1C001FCD5E /* Build configuration list for PBXNativeTarget "2048UITests" */;
			buildPhases = (
				FB1AA777227E2E1C001FCD5E /* Sources */,
				FB1AA778227E2E1C001FCD5E /* Frameworks */,
				FB1AA779227E2E1C001FCD5E /* Resources */,
			);
			buildRules = (
			);
			dependencies = (
				FB1AA77D227E2E1C001FCD5E /* PBXTargetDependency */,
			);
			name = 2048UITests;
			productName = 2048UITests;
			productReference = FB1AA77B227E2E1C001FCD5E /* 2048UITests.xctest */;
			productType = "com.apple.product-type.bundle.ui-testing";
		};
/* End PBXNativeTarget section */

/* Begin PBXProject section */
		FB1AA754227E2E1A001FCD5E /* Project object */ = {
			isa = PBXProject;
			attributes = {
				LastSwiftUpdateCheck = 1010;
				LastUpgradeCheck = 1010;
				ORGANIZATIONNAME = furrki;
				TargetAttributes = {
					FB1AA75B227E2E1A001FCD5E = {
						CreatedOnToolsVersion = 10.1;
					};
					FB1AA76F227E2E1C001FCD5E = {
						CreatedOnToolsVersion = 10.1;
						TestTargetID = FB1AA75B227E2E1A001FCD5E;
					};
					FB1AA77A227E2E1C001FCD5E = {
						CreatedOnToolsVersion = 10.1;
						TestTargetID = FB1AA75B227E2E1A001FCD5E;
					};
				};
			};
			buildConfigurationList = FB1AA757227E2E1A001FCD5E /* Build configuration list for PBXProject "2048" */;
			compatibilityVersion = "Xcode 9.3";
			developmentRegion = en;
			hasScannedForEncodings = 0;
			knownRegions = (
				en,
				Base,
			);
			mainGroup = FB1AA753227E2E1A001FCD5E;
			productRefGroup = FB1AA75D227E2E1A001FCD5E /* Products */;
			projectDirPath = "";
			projectRoot = "";
			targets = (
				FB1AA75B227E2E1A001FCD5E /* 2048 */,
				FB1AA76F227E2E1C001FCD5E /* 2048Tests */,
				FB1AA77A227E2E1C001FCD5E /* 2048UITests */,
			);
		};
/* End PBXProject section */

/* Begin PBXResourcesBuildPhase section */
		FB1AA75A227E2E1A001FCD5E /* Resources */ = {
			isa = PBXResourcesBuildPhase;
			buildActionMask = 2147483647;
			files = (
				FB1AA76A227E2E1B001FCD5E /* LaunchScreen.storyboard in Resources */,
				FB1AA767227E2E1B001FCD5E /* Assets.xcassets in Resources */,
				FB1AA765227E2E1A001FCD5E /* Main.storyboard in Resources */,
			);
			runOnlyForDeploymentPostprocessing = 0;
		};
		FB1AA76E227E2E1C001FCD5E /* Resources */ = {
			isa = PBXResourcesBuildPhase;
			buildActionMask = 2147483647;
			files = (
			);
			runOnlyForDeploymentPostprocessing = 0;
		};
		FB1AA779227E2E1C001FCD5E /* Resources */ = {
			isa = PBXResourcesBuildPhase;
			buildActionMask = 2147483647;
			files = (
			);
			runOnlyForDeploymentPostprocessing = 0;
		};
/* End PBXResourcesBuildPhase section */

/* Begin PBXSourcesBuildPhase section */
		FB1AA758227E2E1A001FCD5E /* Sources */ = {
			isa = PBXSourcesBuildPhase;
			buildActionMask = 2147483647;
			files = (
				FB1AA762227E2E1A001FCD5E /* MainVC.swift in Sources */,
				FB1AA794227E3346001FCD5E /* GameVC.swift in Sources */,
				FB1AA760227E2E1A001FCD5E /* AppDelegate.swift in Sources */,
			);
			runOnlyForDeploymentPostprocessing = 0;
		};
		FB1AA76C227E2E1C001FCD5E /* Sources */ = {
			isa = PBXSourcesBuildPhase;
			buildActionMask = 2147483647;
			files = (
				FB1AA775227E2E1C001FCD5E /* _048Tests.swift in Sources */,
			);
			runOnlyForDeploymentPostprocessing = 0;
		};
		FB1AA777227E2E1C001FCD5E /* Sources */ = {
			isa = PBXSourcesBuildPhase;
			buildActionMask = 2147483647;
			files = (
				FB1AA780227E2E1C001FCD5E /* _048UITests.swift in Sources */,
			);
			runOnlyForDeploymentPostprocessing = 0;
		};
/* End PBXSourcesBuildPhase section */

/* Begin PBXTargetDependency section */
		FB1AA772227E2E1C001FCD5E /* PBXTargetDependency */ = {
			isa = PBXTargetDependency;
			target = FB1AA75B227E2E1A001FCD5E /* 2048 */;
			targetProxy = FB1AA771227E2E1C001FCD5E /* PBXContainerItemProxy */;
		};
		FB1AA77D227E2E1C001FCD5E /* PBXTargetDependency */ = {
			isa = PBXTargetDependency;
			target = FB1AA75B227E2E1A001FCD5E /* 2048 */;
			targetProxy = FB1AA77C227E2E1C001FCD5E /* PBXContainerItemProxy */;
		};
/* End PBXTargetDependency section */

/* Begin PBXVariantGroup section */
		FB1AA763227E2E1A001FCD5E /* Main.storyboard */ = {
			isa = PBXVariantGroup;
			children = (
				FB1AA764227E2E1A001FCD5E /* Base */,
			);
			name = Main.storyboard;
			sourceTree = "<group>";
		};
		FB1AA768227E2E1B001FCD5E /* LaunchScreen.storyboard */ = {
			isa = PBXVariantGroup;
			children = (
				FB1AA769227E2E1B001FCD5E /* Base */,
			);
			name = LaunchScreen.storyboard;
			sourceTree = "<group>";
		};
/* End PBXVariantGroup section */

/* Begin XCBuildConfiguration section */
		FB1AA782227E2E1C001FCD5E /* Debug */ = {
			isa = XCBuildConfiguration;
			buildSettings = {
				ALWAYS_SEARCH_USER_PATHS = NO;
				CLANG_ANALYZER_NONNULL = YES;
				CLANG_ANALYZER_NUMBER_OBJECT_CONVERSION = YES_AGGRESSIVE;
				CLANG_CXX_LANGUAGE_STANDARD = "gnu++14";
				CLANG_CXX_LIBRARY = "libc++";
				CLANG_ENABLE_MODULES = YES;
				CLANG_ENABLE_OBJC_ARC = YES;
				CLANG_ENABLE_OBJC_WEAK = YES;
				CLANG_WARN_BLOCK_CAPTURE_AUTORELEASING = YES;
				CLANG_WARN_BOOL_CONVERSION = YES;
				CLANG_WARN_COMMA = YES;
				CLANG_WARN_CONSTANT_CONVERSION = YES;
				CLANG_WARN_DEPRECATED_OBJC_IMPLEMENTATIONS = YES;
				CLANG_WARN_DIRECT_OBJC_ISA_USAGE = YES_ERROR;
				CLANG_WARN_DOCUMENTATION_COMMENTS = YES;
				CLANG_WARN_EMPTY_BODY = YES;
				CLANG_WARN_ENUM_CONVERSION = YES;
				CLANG_WARN_INFINITE_RECURSION = YES;
				CLANG_WARN_INT_CONVERSION = YES;
				CLANG_WARN_NON_LITERAL_NULL_CONVERSION = YES;
				CLANG_WARN_OBJC_IMPLICIT_RETAIN_SELF = YES;
				CLANG_WARN_OBJC_LITERAL_CONVERSION = YES;
				CLANG_WARN_OBJC_ROOT_CLASS = YES_ERROR;
				CLANG_WARN_RANGE_LOOP_ANALYSIS = YES;
				CLANG_WARN_STRICT_PROTOTYPES = YES;
				CLANG_WARN_SUSPICIOUS_MOVE = YES;
				CLANG_WARN_UNGUARDED_AVAILABILITY = YES_AGGRESSIVE;
				CLANG_WARN_UNREACHABLE_CODE = YES;
				CLANG_WARN__DUPLICATE_METHOD_MATCH = YES;
				CODE_SIGN_IDENTITY = "iPhone Developer";
				COPY_PHASE_STRIP = NO;
				DEBUG_INFORMATION_FORMAT = dwarf;
				ENABLE_STRICT_OBJC_MSGSEND = YES;
				ENABLE_TESTABILITY = YES;
				GCC_C_LANGUAGE_STANDARD = gnu11;
				GCC_DYNAMIC_NO_PIC = NO;
				GCC_NO_COMMON_BLOCKS = YES;
				GCC_OPTIMIZATION_LEVEL = 0;
				GCC_PREPROCESSOR_DEFINITIONS = (
					"DEBUG=1",
					"$(inherited)",
				);
				GCC_WARN_64_TO_32_BIT_CONVERSION = YES;
				GCC_WARN_ABOUT_RETURN_TYPE = YES_ERROR;
				GCC_WARN_UNDECLARED_SELECTOR = YES;
				GCC_WARN_UNINITIALIZED_AUTOS = YES_AGGRESSIVE;
				GCC_WARN_UNUSED_FUNCTION = YES;
				GCC_WARN_UNUSED_VARIABLE = YES;
				IPHONEOS_DEPLOYMENT_TARGET = 12.1;
				MTL_ENABLE_DEBUG_INFO = INCLUDE_SOURCE;
				MTL_FAST_MATH = YES;
				ONLY_ACTIVE_ARCH = YES;
				SDKROOT = iphoneos;
				SWIFT_ACTIVE_COMPILATION_CONDITIONS = DEBUG;
				SWIFT_OPTIMIZATION_LEVEL = "-Onone";
			};
			name = Debug;
		};
		FB1AA783227E2E1C001FCD5E /* Release */ = {
			isa = XCBuildConfiguration;
			buildSettings = {
				ALWAYS_SEARCH_USER_PATHS = NO;
				CLANG_ANALYZER_NONNULL = YES;
				CLANG_ANALYZER_NUMBER_OBJECT_CONVERSION = YES_AGGRESSIVE;
				CLANG_CXX_LANGUAGE_STANDARD = "gnu++14";
				CLANG_CXX_LIBRARY = "libc++";
				CLANG_ENABLE_MODULES = YES;
				CLANG_ENABLE_OBJC_ARC = YES;
				CLANG_ENABLE_OBJC_WEAK = YES;
				CLANG_WARN_BLOCK_CAPTURE_AUTORELEASING = YES;
				CLANG_WARN_BOOL_CONVERSION = YES;
				CLANG_WARN_COMMA = YES;
				CLANG_WARN_CONSTANT_CONVERSION = YES;
				CLANG_WARN_DEPRECATED_OBJC_IMPLEMENTATIONS = YES;
				CLANG_WARN_DIRECT_OBJC_ISA_USAGE = YES_ERROR;
				CLANG_WARN_DOCUMENTATION_COMMENTS = YES;
				CLANG_WARN_EMPTY_BODY = YES;
				CLANG_WARN_ENUM_CONVERSION = YES;
				CLANG_WARN_INFINITE_RECURSION = YES;
				CLANG_WARN_INT_CONVERSION = YES;
				CLANG_WARN_NON_LITERAL_NULL_CONVERSION = YES;
				CLANG_WARN_OBJC_IMPLICIT_RETAIN_SELF = YES;
				CLANG_WARN_OBJC_LITERAL_CONVERSION = YES;
				CLANG_WARN_OBJC_ROOT_CLASS = YES_ERROR;
				CLANG_WARN_RANGE_LOOP_ANALYSIS = YES;
				CLANG_WARN_STRICT_PROTOTYPES = YES;
				CLANG_WARN_SUSPICIOUS_MOVE = YES;
				CLANG_WARN_UNGUARDED_AVAILABILITY = YES_AGGRESSIVE;
				CLANG_WARN_UNREACHABLE_CODE = YES;
				CLANG_WARN__DUPLICATE_METHOD_MATCH = YES;
				CODE_SIGN_IDENTITY = "iPhone Developer";
				COPY_PHASE_STRIP = NO;
				DEBUG_INFORMATION_FORMAT = "dwarf-with-dsym";
				ENABLE_NS_ASSERTIONS = NO;
				ENABLE_STRICT_OBJC_MSGSEND = YES;
				GCC_C_LANGUAGE_STANDARD = gnu11;
				GCC_NO_COMMON_BLOCKS = YES;
				GCC_WARN_64_TO_32_BIT_CONVERSION = YES;
				GCC_WARN_ABOUT_RETURN_TYPE = YES_ERROR;
				GCC_WARN_UNDECLARED_SELECTOR = YES;
				GCC_WARN_UNINITIALIZED_AUTOS = YES_AGGRESSIVE;
				GCC_WARN_UNUSED_FUNCTION = YES;
				GCC_WARN_UNUSED_VARIABLE = YES;
				IPHONEOS_DEPLOYMENT_TARGET = 12.1;
				MTL_ENABLE_DEBUG_INFO = NO;
				MTL_FAST_MATH = YES;
				SDKROOT = iphoneos;
				SWIFT_COMPILATION_MODE = wholemodule;
				SWIFT_OPTIMIZATION_LEVEL = "-O";
				VALIDATE_PRODUCT = YES;
			};
			name = Release;
		};
		FB1AA785227E2E1C001FCD5E /* Debug */ = {
			isa = XCBuildConfiguration;
			buildSettings = {
				ASSETCATALOG_COMPILER_APPICON_NAME = AppIcon;
				CODE_SIGN_STYLE = Automatic;
				DEVELOPMENT_TEAM = TU6A9VFP8M;
				INFOPLIST_FILE = 2048/Info.plist;
				IPHONEOS_DEPLOYMENT_TARGET = 11;
				LD_RUNPATH_SEARCH_PATHS = (
					"$(inherited)",
					"@executable_path/Frameworks",
				);
				PRODUCT_BUNDLE_IDENTIFIER = "com.furrki.-048";
				PRODUCT_NAME = "$(TARGET_NAME)";
				SWIFT_VERSION = 4.2;
				TARGETED_DEVICE_FAMILY = "1,2";
			};
			name = Debug;
		};
		FB1AA786227E2E1C001FCD5E /* Release */ = {
			isa = XCBuildConfiguration;
			buildSettings = {
				ASSETCATALOG_COMPILER_APPICON_NAME = AppIcon;
				CODE_SIGN_STYLE = Automatic;
				DEVELOPMENT_TEAM = TU6A9VFP8M;
				INFOPLIST_FILE = 2048/Info.plist;
				IPHONEOS_DEPLOYMENT_TARGET = 11;
				LD_RUNPATH_SEARCH_PATHS = (
					"$(inherited)",
					"@executable_path/Frameworks",
				);
				PRODUCT_BUNDLE_IDENTIFIER = "com.furrki.-048";
				PRODUCT_NAME = "$(TARGET_NAME)";
				SWIFT_VERSION = 4.2;
				TARGETED_DEVICE_FAMILY = "1,2";
			};
			name = Release;
		};
		FB1AA788227E2E1C001FCD5E /* Debug */ = {
			isa = XCBuildConfiguration;
			buildSettings = {
				ALWAYS_EMBED_SWIFT_STANDARD_LIBRARIES = YES;
				BUNDLE_LOADER = "$(TEST_HOST)";
				CODE_SIGN_STYLE = Automatic;
				DEVELOPMENT_TEAM = TU6A9VFP8M;
				INFOPLIST_FILE = 2048Tests/Info.plist;
				LD_RUNPATH_SEARCH_PATHS = (
					"$(inherited)",
					"@executable_path/Frameworks",
					"@loader_path/Frameworks",
				);
				PRODUCT_BUNDLE_IDENTIFIER = "com.furrki.-048Tests";
				PRODUCT_NAME = "$(TARGET_NAME)";
				SWIFT_VERSION = 4.2;
				TARGETED_DEVICE_FAMILY = "1,2";
				TEST_HOST = "$(BUILT_PRODUCTS_DIR)/2048.app/2048";
			};
			name = Debug;
		};
		FB1AA789227E2E1C001FCD5E /* Release */ = {
			isa = XCBuildConfiguration;
			buildSettings = {
				ALWAYS_EMBED_SWIFT_STANDARD_LIBRARIES = YES;
				BUNDLE_LOADER = "$(TEST_HOST)";
				CODE_SIGN_STYLE = Automatic;
				DEVELOPMENT_TEAM = TU6A9VFP8M;
				INFOPLIST_FILE = 2048Tests/Info.plist;
				LD_RUNPATH_SEARCH_PATHS = (
					"$(inherited)",
					"@executable_path/Frameworks",
					"@loader_path/Frameworks",
				);
				PRODUCT_BUNDLE_IDENTIFIER = "com.furrki.-048Tests";
				PRODUCT_NAME = "$(TARGET_NAME)";
				SWIFT_VERSION = 4.2;
				TARGETED_DEVICE_FAMILY = "1,2";
				TEST_HOST = "$(BUILT_PRODUCTS_DIR)/2048.app/2048";
			};
			name = Release;
		};
		FB1AA78B227E2E1C001FCD5E /* Debug */ = {
			isa = XCBuildConfiguration;
			buildSettings = {
				ALWAYS_EMBED_SWIFT_STANDARD_LIBRARIES = YES;
				CODE_SIGN_STYLE = Automatic;
				DEVELOPMENT_TEAM = TU6A9VFP8M;
				INFOPLIST_FILE = 2048UITests/Info.plist;
				LD_RUNPATH_SEARCH_PATHS = (
					"$(inherited)",
					"@executable_path/Frameworks",
					"@loader_path/Frameworks",
				);
				PRODUCT_BUNDLE_IDENTIFIER = "com.furrki.-048UITests";
				PRODUCT_NAME = "$(TARGET_NAME)";
				SWIFT_VERSION = 4.2;
				TARGETED_DEVICE_FAMILY = "1,2";
				TEST_TARGET_NAME = 2048;
			};
			name = Debug;
		};
		FB1AA78C227E2E1C001FCD5E /* Release */ = {
			isa = XCBuildConfiguration;
			buildSettings = {
				ALWAYS_EMBED_SWIFT_STANDARD_LIBRARIES = YES;
				CODE_SIGN_STYLE = Automatic;
				DEVELOPMENT_TEAM = TU6A9VFP8M;
				INFOPLIST_FILE = 2048UITests/Info.plist;
				LD_RUNPATH_SEARCH_PATHS = (
					"$(inherited)",
					"@executable_path/Frameworks",
					"@loader_path/Frameworks",
				);
				PRODUCT_BUNDLE_IDENTIFIER = "com.furrki.-048UITests";
				PRODUCT_NAME = "$(TARGET_NAME)";
				SWIFT_VERSION = 4.2;
				TARGETED_DEVICE_FAMILY = "1,2";
				TEST_TARGET_NAME = 2048;
			};
			name = Release;
		};
/* End XCBuildConfiguration section */

/* Begin XCConfigurationList section */
		FB1AA757227E2E1A001FCD5E /* Build configuration list for PBXProject "2048" */ = {
			isa = XCConfigurationList;
			buildConfigurations = (
				FB1AA782227E2E1C001FCD5E /* Debug */,
				FB1AA783227E2E1C001FCD5E /* Release */,
			);
			defaultConfigurationIsVisible = 0;
			defaultConfigurationName = Release;
		};
		FB1AA784227E2E1C001FCD5E /* Build configuration list for PBXNativeTarget "2048" */ = {
			isa = XCConfigurationList;
			buildConfigurations = (
				FB1AA785227E2E1C001FCD5E /* Debug */,
				FB1AA786227E2E1C001FCD5E /* Release */,
			);
			defaultConfigurationIsVisible = 0;
			defaultConfigurationName = Release;
		};
		FB1AA787227E2E1C001FCD5E /* Build configuration list for PBXNativeTarget "2048Tests" */ = {
			isa = XCConfigurationList;
			buildConfigurations = (
				FB1AA788227E2E1C001FCD5E /* Debug */,
				FB1AA789227E2E1C001FCD5E /* Release */,
			);
			defaultConfigurationIsVisible = 0;
			defaultConfigurationName = Release;
		};
		FB1AA78A227E2E1C001FCD5E /* Build configuration list for PBXNativeTarget "2048UITests" */ = {
			isa = XCConfigurationList;
			buildConfigurations = (
				FB1AA78B227E2E1C001FCD5E /* Debug */,
				FB1AA78C227E2E1C001FCD5E /* Release */,
			);
			defaultConfigurationIsVisible = 0;
			defaultConfigurationName = Release;
		};
/* End XCConfigurationList section */
	};
	rootObject = FB1AA754227E2E1A001FCD5E /* Project object */;
}
